
Microsoft Visual Studio Solution File, Format Version 12.00
# Visual Studio Version 16
VisualStudioVersion = 16.0.30717.126
MinimumVisualStudioVersion = 10.0.40219.1
Project("{9A19103F-16F7-4668-BE54-9A1E7A4F7556}") = "NICE.Timelines.Test", "NICE.Timelines.Test\NICE.Timelines.Test.csproj", "{707C9A67-C4EA-4345-B086-991D03DA2651}"
EndProject
Project("{9A19103F-16F7-4668-BE54-9A1E7A4F7556}") = "NICE.Timelines.DB", "NICE.Timelines.DB\NICE.Timelines.DB.csproj", "{B9C50A22-F629-431D-827B-EF7048A46E68}"
EndProject
Project("{9A19103F-16F7-4668-BE54-9A1E7A4F7556}") = "NICE.Timelines.ConsoleApp", "NICE.Timelines.ConsoleApp\NICE.Timelines.ConsoleApp.csproj", "{D8314359-8C9C-4CA9-9D32-B4E57B8085AA}"
EndProject
Global
	GlobalSection(SolutionConfigurationPlatforms) = preSolution
		Debug|Any CPU = Debug|Any CPU
		Release|Any CPU = Release|Any CPU
	EndGlobalSection
	GlobalSection(ProjectConfigurationPlatforms) = postSolution
		{707C9A67-C4EA-4345-B086-991D03DA2651}.Debug|Any CPU.ActiveCfg = Debug|Any CPU
		{707C9A67-C4EA-4345-B086-991D03DA2651}.Debug|Any CPU.Build.0 = Debug|Any CPU
		{707C9A67-C4EA-4345-B086-991D03DA2651}.Release|Any CPU.ActiveCfg = Release|Any CPU
		{707C9A67-C4EA-4345-B086-991D03DA2651}.Release|Any CPU.Build.0 = Release|Any CPU
		{B9C50A22-F629-431D-827B-EF7048A46E68}.Debug|Any CPU.ActiveCfg = Debug|Any CPU
		{B9C50A22-F629-431D-827B-EF7048A46E68}.Debug|Any CPU.Build.0 = Debug|Any CPU
		{B9C50A22-F629-431D-827B-EF7048A46E68}.Release|Any CPU.ActiveCfg = Release|Any CPU
		{B9C50A22-F629-431D-827B-EF7048A46E68}.Release|Any CPU.Build.0 = Release|Any CPU
		{D8314359-8C9C-4CA9-9D32-B4E57B8085AA}.Debug|Any CPU.ActiveCfg = Debug|Any CPU
		{D8314359-8C9C-4CA9-9D32-B4E57B8085AA}.Debug|Any CPU.Build.0 = Debug|Any CPU
		{D8314359-8C9C-4CA9-9D32-B4E57B8085AA}.Release|Any CPU.ActiveCfg = Release|Any CPU
		{D8314359-8C9C-4CA9-9D32-B4E57B8085AA}.Release|Any CPU.Build.0 = Release|Any CPU
	EndGlobalSection
	GlobalSection(SolutionProperties) = preSolution
		HideSolutionNode = FALSE
	EndGlobalSection
	GlobalSection(ExtensibilityGlobals) = postSolution
		SolutionGuid = {BEA29ACF-4228-426A-97CF-CCBC3762743D}
	EndGlobalSection
EndGlobal
